{
  "originHash" : "fc9f608b2604b47e8a4e8f6d34706a07df80b7a48044b46fc831990fd3c8aece",
  "pins" : [
    {
      "identity" : "sdbeaconscanner",
      "kind" : "remoteSourceControl",
      "location" : "https://github.com/SagarSDagdu/SDBeaconScanner.git",
      "state" : {
        "revision" : "1b9ce5a1ba30691f7c4d404e6efd8c9ed02c230e",
        "version" : "0.0.2"
      }
    }
  ],
  "version" : 3
}
